
Microsoft Visual Studio Solution File, Format Version 12.00
# Visual Studio 2012
Project("{FAE04EC0-301F-11D3-BF4B-00C04F79EFBC}") = "SignalRServer", "SignalRServer\SignalRServer.csproj", "{19D8FABF-6939-4E56-93BA-6D4E2908DF57}"
EndProject
Project("{FAE04EC0-301F-11D3-BF4B-00C04F79EFBC}") = "SignalRClientConsole", "SignalRClientConsole\SignalRClientConsole.csproj", "{5FF03244-600F-4AA6-B348-C0017611B529}"
EndProject
Project("{2150E333-8FDC-42A3-9474-1A3956D46DE8}") = ".nuget", ".nuget", "{2C87879B-4233-46CE-93FE-FCCBFD7529A3}"
	ProjectSection(SolutionItems) = preProject
		.nuget\packages.config = .nuget\packages.config
	EndProjectSection
EndProject
Project("{FAE04EC0-301F-11D3-BF4B-00C04F79EFBC}") = "SignalRClientJS", "SignalRClientJS\SignalRClientJS.csproj", "{48A8D6D3-4AD0-4A2D-9FF6-00509918F0C5}"
EndProject
Global
	GlobalSection(SolutionConfigurationPlatforms) = preSolution
		Debug|Any CPU = Debug|Any CPU
		Release|Any CPU = Release|Any CPU
	EndGlobalSection
	GlobalSection(ProjectConfigurationPlatforms) = postSolution
		{19D8FABF-6939-4E56-93BA-6D4E2908DF57}.Debug|Any CPU.ActiveCfg = Debug|Any CPU
		{19D8FABF-6939-4E56-93BA-6D4E2908DF57}.Debug|Any CPU.Build.0 = Debug|Any CPU
		{19D8FABF-6939-4E56-93BA-6D4E2908DF57}.Release|Any CPU.ActiveCfg = Release|Any CPU
		{19D8FABF-6939-4E56-93BA-6D4E2908DF57}.Release|Any CPU.Build.0 = Release|Any CPU
		{5FF03244-600F-4AA6-B348-C0017611B529}.Debug|Any CPU.ActiveCfg = Debug|Any CPU
		{5FF03244-600F-4AA6-B348-C0017611B529}.Debug|Any CPU.Build.0 = Debug|Any CPU
		{5FF03244-600F-4AA6-B348-C0017611B529}.Release|Any CPU.ActiveCfg = Release|Any CPU
		{5FF03244-600F-4AA6-B348-C0017611B529}.Release|Any CPU.Build.0 = Release|Any CPU
		{48A8D6D3-4AD0-4A2D-9FF6-00509918F0C5}.Debug|Any CPU.ActiveCfg = Debug|Any CPU
		{48A8D6D3-4AD0-4A2D-9FF6-00509918F0C5}.Debug|Any CPU.Build.0 = Debug|Any CPU
		{48A8D6D3-4AD0-4A2D-9FF6-00509918F0C5}.Release|Any CPU.ActiveCfg = Release|Any CPU
		{48A8D6D3-4AD0-4A2D-9FF6-00509918F0C5}.Release|Any CPU.Build.0 = Release|Any CPU
	EndGlobalSection
	GlobalSection(SolutionProperties) = preSolution
		HideSolutionNode = FALSE
	EndGlobalSection
EndGlobal
